
Microsoft Visual Studio Solution File, Format Version 12.00
# Visual Studio Version 16
VisualStudioVersion = 16.0.32802.440
MinimumVisualStudioVersion = 10.0.40219.1
Project("{FAE04EC0-301F-11D3-BF4B-00C04F79EFBC}") = "RabbitMQSender.App", "RabbitMQSender.App\RabbitMQSender.App.csproj", "{D7C94FAF-20BB-49C7-BAFE-2127D0CD47AE}"
EndProject
Global
	GlobalSection(SolutionConfigurationPlatforms) = preSolution
		Debug|Any CPU = Debug|Any CPU
		Release|Any CPU = Release|Any CPU
	EndGlobalSection
	GlobalSection(ProjectConfigurationPlatforms) = postSolution
		{D7C94FAF-20BB-49C7-BAFE-2127D0CD47AE}.Debug|Any CPU.ActiveCfg = Debug|Any CPU
		{D7C94FAF-20BB-49C7-BAFE-2127D0CD47AE}.Debug|Any CPU.Build.0 = Debug|Any CPU
		{D7C94FAF-20BB-49C7-BAFE-2127D0CD47AE}.Release|Any CPU.ActiveCfg = Release|Any CPU
		{D7C94FAF-20BB-49C7-BAFE-2127D0CD47AE}.Release|Any CPU.Build.0 = Release|Any CPU
	EndGlobalSection
	GlobalSection(SolutionProperties) = preSolution
		HideSolutionNode = FALSE
	EndGlobalSection
	GlobalSection(ExtensibilityGlobals) = postSolution
		SolutionGuid = {1C14E983-98AF-49A6-A8DE-74AC15AFA643}
	EndGlobalSection
EndGlobal
